{
  "requires": true,
  "lockfileVersion": 1,
  "dependencies": {
    "@babel/helper-plugin-utils": {
      "version": "7.13.0",
      "resolved": "https://registry.npm.taobao.org/@babel/helper-plugin-utils/download/@babel/helper-plugin-utils-7.13.0.tgz?cache=0&sync_timestamp=1614035444776&other_urls=https%3A%2F%2Fregistry.npm.taobao.org%2F%40babel%2Fhelper-plugin-utils%2Fdownload%2F%40babel%2Fhelper-plugin-utils-7.13.0.tgz",
      "integrity": "sha1-gGUmzhJa7QM3O8QWqCgyHjpqM68=",
      "dev": true
    },
    "@babel/plugin-syntax-jsx": {
      "version": "7.12.13",
      "resolved": "https://registry.npm.taobao.org/@babel/plugin-syntax-jsx/download/@babel/plugin-syntax-jsx-7.12.13.tgz?cache=0&sync_timestamp=1612314775704&other_urls=https%3A%2F%2Fregistry.npm.taobao.org%2F%40babel%2Fplugin-syntax-jsx%2Fdownload%2F%40babel%2Fplugin-syntax-jsx-7.12.13.tgz",
      "integrity": "sha1-BE+4HrrWaY/mLEeIdVdby7m3DxU=",
      "dev": true,
      "requires": {
        "@babel/helper-plugin-utils": "^7.12.13"
      }
    }
  }
}
